
Microsoft Visual Studio Solution File, Format Version 12.00
Project("{FAE04EC0-301F-11D3-BF4B-00C04F79EFBC}") = "Assignment1-1", "Assignment1-1\Assignment1-1.csproj", "{7C1F9871-E03E-417B-81FA-BB6B361F735A}"
EndProject
Project("{FAE04EC0-301F-11D3-BF4B-00C04F79EFBC}") = "Assignment1-2", "Assignment1-2\Assignment1-2.csproj", "{0E85D31B-284E-49D2-BD34-47C9F33C523F}"
EndProject
Global
	GlobalSection(SolutionConfigurationPlatforms) = preSolution
		Debug|Any CPU = Debug|Any CPU
		Release|Any CPU = Release|Any CPU
	EndGlobalSection
	GlobalSection(ProjectConfigurationPlatforms) = postSolution
		{7C1F9871-E03E-417B-81FA-BB6B361F735A}.Debug|Any CPU.ActiveCfg = Debug|Any CPU
		{7C1F9871-E03E-417B-81FA-BB6B361F735A}.Debug|Any CPU.Build.0 = Debug|Any CPU
		{7C1F9871-E03E-417B-81FA-BB6B361F735A}.Release|Any CPU.ActiveCfg = Release|Any CPU
		{7C1F9871-E03E-417B-81FA-BB6B361F735A}.Release|Any CPU.Build.0 = Release|Any CPU
		{0E85D31B-284E-49D2-BD34-47C9F33C523F}.Debug|Any CPU.ActiveCfg = Debug|Any CPU
		{0E85D31B-284E-49D2-BD34-47C9F33C523F}.Debug|Any CPU.Build.0 = Debug|Any CPU
		{0E85D31B-284E-49D2-BD34-47C9F33C523F}.Release|Any CPU.ActiveCfg = Release|Any CPU
		{0E85D31B-284E-49D2-BD34-47C9F33C523F}.Release|Any CPU.Build.0 = Release|Any CPU
	EndGlobalSection
EndGlobal
